
Microsoft Visual Studio Solution File, Format Version 12.00
# Visual Studio 14
VisualStudioVersion = 14.0.25420.1
MinimumVisualStudioVersion = 10.0.40219.1
Project("{FAE04EC0-301F-11D3-BF4B-00C04F79EFBC}") = "Garson_D_Assignment3_Guessing_Game_WF", "Garson_D_Assignment3_Guessing_Game_WF\Garson_D_Assignment3_Guessing_Game_WF.csproj", "{3EC40041-52F6-45C0-A85D-2E11034F63FE}"
EndProject
Global
	GlobalSection(SolutionConfigurationPlatforms) = preSolution
		Debug|Any CPU = Debug|Any CPU
		Release|Any CPU = Release|Any CPU
	EndGlobalSection
	GlobalSection(ProjectConfigurationPlatforms) = postSolution
		{3EC40041-52F6-45C0-A85D-2E11034F63FE}.Debug|Any CPU.ActiveCfg = Debug|Any CPU
		{3EC40041-52F6-45C0-A85D-2E11034F63FE}.Debug|Any CPU.Build.0 = Debug|Any CPU
		{3EC40041-52F6-45C0-A85D-2E11034F63FE}.Release|Any CPU.ActiveCfg = Release|Any CPU
		{3EC40041-52F6-45C0-A85D-2E11034F63FE}.Release|Any CPU.Build.0 = Release|Any CPU
	EndGlobalSection
	GlobalSection(SolutionProperties) = preSolution
		HideSolutionNode = FALSE
	EndGlobalSection
EndGlobal
